// !$*UTF8*$!
{
	archiveVersion = 1;
	classes = {
	};
	objectVersion = 46;
	objects = {

/* Begin PBXBuildFile section */
		37F2484F1D38B7330067373A /* main.m in Sources */ = {isa = PBXBuildFile; fileRef = 37F2484E1D38B7330067373A /* main.m */; };
		37F248521D38B7330067373A /* AppDelegate.m in Sources */ = {isa = PBXBuildFile; fileRef = 37F248511D38B7330067373A /* AppDelegate.m */; };
		37F248551D38B7330067373A /* ViewController.m in Sources */ = {isa = PBXBuildFile; fileRef = 37F248541D38B7330067373A /* ViewController.m */; };
		37F248581D38B7330067373A /* Main.storyboard in Resources */ = {isa = PBXBuildFile; fileRef = 37F248561D38B7330067373A /* Main.storyboard */; };
		37F2485A1D38B7330067373A /* Assets.xcassets in Resources */ = {isa = PBXBuildFile; fileRef = 37F248591D38B7330067373A /* Assets.xcassets */; };
		37F2485D1D38B7330067373A /* LaunchScreen.storyboard in Resources */ = {isa = PBXBuildFile; fileRef = 37F2485B1D38B7330067373A /* LaunchScreen.storyboard */; };
		37F248681D38B7330067373A /* TBBUITextField_FormatTests.m in Sources */ = {isa = PBXBuildFile; fileRef = 37F248671D38B7330067373A /* TBBUITextField_FormatTests.m */; };
		37F248731D38B7330067373A /* TBBUITextField_FormatUITests.m in Sources */ = {isa = PBXBuildFile; fileRef = 37F248721D38B7330067373A /* TBBUITextField_FormatUITests.m */; };
		37F248C81D3DEE430067373A /* UITextField+HLNumberFormatTextField.m in Sources */ = {isa = PBXBuildFile; fileRef = 37F248C71D3DEE430067373A /* UITextField+HLNumberFormatTextField.m */; };
/* End PBXBuildFile section */

/* Begin PBXContainerItemProxy section */
		37F248641D38B7330067373A /* PBXContainerItemProxy */ = {
			isa = PBXContainerItemProxy;
			containerPortal = 37F248421D38B7330067373A /* Project object */;
			proxyType = 1;
			remoteGlobalIDString = 37F248491D38B7330067373A;
			remoteInfo = "TBBUITextField Format";
		};
		37F2486F1D38B7330067373A /* PBXContainerItemProxy */ = {
			isa = PBXContainerItemProxy;
			containerPortal = 37F248421D38B7330067373A /* Project object */;
			proxyType = 1;
			remoteGlobalIDString = 37F248491D38B7330067373A;
			remoteInfo = "TBBUITextField Format";
		};
/* End PBXContainerItemProxy section */

/* Begin PBXFileReference section */
		37F2484A1D38B7330067373A /* TBBUITextField Format.app */ = {isa = PBXFileReference; explicitFileType = wrapper.application; includeInIndex = 0; path = "TBBUITextField Format.app"; sourceTree = BUILT_PRODUCTS_DIR; };
		37F2484E1D38B7330067373A /* main.m */ = {isa = PBXFileReference; lastKnownFileType = sourcecode.c.objc; path = main.m; sourceTree = "<group>"; };
		37F248501D38B7330067373A /* AppDelegate.h */ = {isa = PBXFileReference; lastKnownFileType = sourcecode.c.h; path = AppDelegate.h; sourceTree = "<group>"; };
		37F248511D38B7330067373A /* AppDelegate.m */ = {isa = PBXFileReference; lastKnownFileType = sourcecode.c.objc; path = AppDelegate.m; sourceTree = "<group>"; };
		37F248531D38B7330067373A /* ViewController.h */ = {isa = PBXFileReference; lastKnownFileType = sourcecode.c.h; path = ViewController.h; sourceTree = "<group>"; };
		37F248541D38B7330067373A /* ViewController.m */ = {isa = PBXFileReference; lastKnownFileType = sourcecode.c.objc; path = ViewController.m; sourceTree = "<group>"; };
		37F248571D38B7330067373A /* Base */ = {isa = PBXFileReference; lastKnownFileType = file.storyboard; name = Base; path = Base.lproj/Main.storyboard; sourceTree = "<group>"; };
		37F248591D38B7330067373A /* Assets.xcassets */ = {isa = PBXFileReference; lastKnownFileType = folder.assetcatalog; path = Assets.xcassets; sourceTree = "<group>"; };
		37F2485C1D38B7330067373A /* Base */ = {isa = PBXFileReference; lastKnownFileType = file.storyboard; name = Base; path = Base.lproj/LaunchScreen.storyboard; sourceTree = "<group>"; };
		37F2485E1D38B7330067373A /* Info.plist */ = {isa = PBXFileReference; lastKnownFileType = text.plist.xml; path = Info.plist; sourceTree = "<group>"; };
		37F248631D38B7330067373A /* TBBUITextField FormatTests.xctest */ = {isa = PBXFileReference; explicitFileType = wrapper.cfbundle; includeInIndex = 0; path = "TBBUITextField FormatTests.xctest"; sourceTree = BUILT_PRODUCTS_DIR; };
		37F248671D38B7330067373A /* TBBUITextField_FormatTests.m */ = {isa = PBXFileReference; lastKnownFileType = sourcecode.c.objc; path = TBBUITextField_FormatTests.m; sourceTree = "<group>"; };
		37F248691D38B7330067373A /* Info.plist */ = {isa = PBXFileReference; lastKnownFileType = text.plist.xml; path = Info.plist; sourceTree = "<group>"; };
		37F2486E1D38B7330067373A /* TBBUITextField FormatUITests.xctest */ = {isa = PBXFileReference; explicitFileType = wrapper.cfbundle; includeInIndex = 0; path = "TBBUITextField FormatUITests.xctest"; sourceTree = BUILT_PRODUCTS_DIR; };
		37F248721D38B7330067373A /* TBBUITextField_FormatUITests.m */ = {isa = PBXFileReference; lastKnownFileType = sourcecode.c.objc; path = TBBUITextField_FormatUITests.m; sourceTree = "<group>"; };
		37F248741D38B7330067373A /* Info.plist */ = {isa = PBXFileReference; lastKnownFileType = text.plist.xml; path = Info.plist; sourceTree = "<group>"; };
		37F248C61D3DEE430067373A /* UITextField+HLNumberFormatTextField.h */ = {isa = PBXFileReference; fileEncoding = 4; lastKnownFileType = sourcecode.c.h; path = "UITextField+HLNumberFormatTextField.h"; sourceTree = "<group>"; };
		37F248C71D3DEE430067373A /* UITextField+HLNumberFormatTextField.m */ = {isa = PBXFileReference; fileEncoding = 4; lastKnownFileType = sourcecode.c.objc; path = "UITextField+HLNumberFormatTextField.m"; sourceTree = "<group>"; };
/* End PBXFileReference section */

/* Begin PBXFrameworksBuildPhase section */
		37F248471D38B7330067373A /* Frameworks */ = {
			isa = PBXFrameworksBuildPhase;
			buildActionMask = 2147483647;
			files = (
			);
			runOnlyForDeploymentPostprocessing = 0;
		};
		37F248601D38B7330067373A /* Frameworks */ = {
			isa = PBXFrameworksBuildPhase;
			buildActionMask = 2147483647;
			files = (
			);
			runOnlyForDeploymentPostprocessing = 0;
		};
		37F2486B1D38B7330067373A /* Frameworks */ = {
			isa = PBXFrameworksBuildPhase;
			buildActionMask = 2147483647;
			files = (
			);
			runOnlyForDeploymentPostprocessing = 0;
		};
/* End PBXFrameworksBuildPhase section */

/* Begin PBXGroup section */
		37F248411D38B7330067373A = {
			isa = PBXGroup;
			children = (
				37F2484C1D38B7330067373A /* TBBUITextField Format */,
				37F248661D38B7330067373A /* TBBUITextField FormatTests */,
				37F248711D38B7330067373A /* TBBUITextField FormatUITests */,
				37F2484B1D38B7330067373A /* Products */,
			);
			sourceTree = "<group>";
		};
		37F2484B1D38B7330067373A /* Products */ = {
			isa = PBXGroup;
			children = (
				37F2484A1D38B7330067373A /* TBBUITextField Format.app */,
				37F248631D38B7330067373A /* TBBUITextField FormatTests.xctest */,
				37F2486E1D38B7330067373A /* TBBUITextField FormatUITests.xctest */,
			);
			name = Products;
			sourceTree = "<group>";
		};
		37F2484C1D38B7330067373A /* TBBUITextField Format */ = {
			isa = PBXGroup;
			children = (
				37F248801D38B75A0067373A /* TBBUITextFieldFormat */,
				37F248501D38B7330067373A /* AppDelegate.h */,
				37F248511D38B7330067373A /* AppDelegate.m */,
				37F248531D38B7330067373A /* ViewController.h */,
				37F248541D38B7330067373A /* ViewController.m */,
				37F248561D38B7330067373A /* Main.storyboard */,
				37F248591D38B7330067373A /* Assets.xcassets */,
				37F2485B1D38B7330067373A /* LaunchScreen.storyboard */,
				37F2485E1D38B7330067373A /* Info.plist */,
				37F2484D1D38B7330067373A /* Supporting Files */,
			);
			path = "TBBUITextField Format";
			sourceTree = "<group>";
		};
		37F2484D1D38B7330067373A /* Supporting Files */ = {
			isa = PBXGroup;
			children = (
				37F2484E1D38B7330067373A /* main.m */,
			);
			name = "Supporting Files";
			sourceTree = "<group>";
		};
		37F248661D38B7330067373A /* TBBUITextField FormatTests */ = {
			isa = PBXGroup;
			children = (
				37F248671D38B7330067373A /* TBBUITextField_FormatTests.m */,
				37F248691D38B7330067373A /* Info.plist */,
			);
			path = "TBBUITextField FormatTests";
			sourceTree = "<group>";
		};
		37F248711D38B7330067373A /* TBBUITextField FormatUITests */ = {
			isa = PBXGroup;
			children = (
				37F248721D38B7330067373A /* TBBUITextField_FormatUITests.m */,
				37F248741D38B7330067373A /* Info.plist */,
			);
			path = "TBBUITextField FormatUITests";
			sourceTree = "<group>";
		};
		37F248801D38B75A0067373A /* TBBUITextFieldFormat */ = {
			isa = PBXGroup;
			children = (
				37F248C61D3DEE430067373A /* UITextField+HLNumberFormatTextField.h */,
				37F248C71D3DEE430067373A /* UITextField+HLNumberFormatTextField.m */,
			);
			name = TBBUITextFieldFormat;
			sourceTree = "<group>";
		};
/* End PBXGroup section */

/* Begin PBXNativeTarget section */
		37F248491D38B7330067373A /* TBBUITextField Format */ = {
			isa = PBXNativeTarget;
			buildConfigurationList = 37F248771D38B7330067373A /* Build configuration list for PBXNativeTarget "TBBUITextField Format" */;
			buildPhases = (
				37F248461D38B7330067373A /* Sources */,
				37F248471D38B7330067373A /* Frameworks */,
				37F248481D38B7330067373A /* Resources */,
			);
			buildRules = (
			);
			dependencies = (
			);
			name = "TBBUITextField Format";
			productName = "TBBUITextField Format";
			productReference = 37F2484A1D38B7330067373A /* TBBUITextField Format.app */;
			productType = "com.apple.product-type.application";
		};
		37F248621D38B7330067373A /* TBBUITextField FormatTests */ = {
			isa = PBXNativeTarget;
			buildConfigurationList = 37F2487A1D38B7330067373A /* Build configuration list for PBXNativeTarget "TBBUITextField FormatTests" */;
			buildPhases = (
				37F2485F1D38B7330067373A /* Sources */,
				37F248601D38B7330067373A /* Frameworks */,
				37F248611D38B7330067373A /* Resources */,
			);
			buildRules = (
			);
			dependencies = (
				37F248651D38B7330067373A /* PBXTargetDependency */,
			);
			name = "TBBUITextField FormatTests";
			productName = "TBBUITextField FormatTests";
			productReference = 37F248631D38B7330067373A /* TBBUITextField FormatTests.xctest */;
			productType = "com.apple.product-type.bundle.unit-test";
		};
		37F2486D1D38B7330067373A /* TBBUITextField FormatUITests */ = {
			isa = PBXNativeTarget;
			buildConfigurationList = 37F2487D1D38B7330067373A /* Build configuration list for PBXNativeTarget "TBBUITextField FormatUITests" */;
			buildPhases = (
				37F2486A1D38B7330067373A /* Sources */,
				37F2486B1D38B7330067373A /* Frameworks */,
				37F2486C1D38B7330067373A /* Resources */,
			);
			buildRules = (
			);
			dependencies = (
				37F248701D38B7330067373A /* PBXTargetDependency */,
			);
			name = "TBBUITextField FormatUITests";
			productName = "TBBUITextField FormatUITests";
			productReference = 37F2486E1D38B7330067373A /* TBBUITextField FormatUITests.xctest */;
			productType = "com.apple.product-type.bundle.ui-testing";
		};
/* End PBXNativeTarget section */

/* Begin PBXProject section */
		37F248421D38B7330067373A /* Project object */ = {
			isa = PBXProject;
			attributes = {
				LastUpgradeCheck = 0730;
				ORGANIZATIONNAME = tangbinbin;
				TargetAttributes = {
					37F248491D38B7330067373A = {
						CreatedOnToolsVersion = 7.3.1;
					};
					37F248621D38B7330067373A = {
						CreatedOnToolsVersion = 7.3.1;
						TestTargetID = 37F248491D38B7330067373A;
					};
					37F2486D1D38B7330067373A = {
						CreatedOnToolsVersion = 7.3.1;
						TestTargetID = 37F248491D38B7330067373A;
					};
				};
			};
			buildConfigurationList = 37F248451D38B7330067373A /* Build configuration list for PBXProject "TBBUITextField Format" */;
			compatibilityVersion = "Xcode 3.2";
			developmentRegion = English;
			hasScannedForEncodings = 0;
			knownRegions = (
				en,
				Base,
			);
			mainGroup = 37F248411D38B7330067373A;
			productRefGroup = 37F2484B1D38B7330067373A /* Products */;
			projectDirPath = "";
			projectRoot = "";
			targets = (
				37F248491D38B7330067373A /* TBBUITextField Format */,
				37F248621D38B7330067373A /* TBBUITextField FormatTests */,
				37F2486D1D38B7330067373A /* TBBUITextField FormatUITests */,
			);
		};
/* End PBXProject section */

/* Begin PBXResourcesBuildPhase section */
		37F248481D38B7330067373A /* Resources */ = {
			isa = PBXResourcesBuildPhase;
			buildActionMask = 2147483647;
			files = (
				37F2485D1D38B7330067373A /* LaunchScreen.storyboard in Resources */,
				37F2485A1D38B7330067373A /* Assets.xcassets in Resources */,
				37F248581D38B7330067373A /* Main.storyboard in Resources */,
			);
			runOnlyForDeploymentPostprocessing = 0;
		};
		37F248611D38B7330067373A /* Resources */ = {
			isa = PBXResourcesBuildPhase;
			buildActionMask = 2147483647;
			files = (
			);
			runOnlyForDeploymentPostprocessing = 0;
		};
		37F2486C1D38B7330067373A /* Resources */ = {
			isa = PBXResourcesBuildPhase;
			buildActionMask = 2147483647;
			files = (
			);
			runOnlyForDeploymentPostprocessing = 0;
		};
/* End PBXResourcesBuildPhase section */

/* Begin PBXSourcesBuildPhase section */
		37F248461D38B7330067373A /* Sources */ = {
			isa = PBXSourcesBuildPhase;
			buildActionMask = 2147483647;
			files = (
				37F248551D38B7330067373A /* ViewController.m in Sources */,
				37F248C81D3DEE430067373A /* UITextField+HLNumberFormatTextField.m in Sources */,
				37F248521D38B7330067373A /* AppDelegate.m in Sources */,
				37F2484F1D38B7330067373A /* main.m in Sources */,
			);
			runOnlyForDeploymentPostprocessing = 0;
		};
		37F2485F1D38B7330067373A /* Sources */ = {
			isa = PBXSourcesBuildPhase;
			buildActionMask = 2147483647;
			files = (
				37F248681D38B7330067373A /* TBBUITextField_FormatTests.m in Sources */,
			);
			runOnlyForDeploymentPostprocessing = 0;
		};
		37F2486A1D38B7330067373A /* Sources */ = {
			isa = PBXSourcesBuildPhase;
			buildActionMask = 2147483647;
			files = (
				37F248731D38B7330067373A /* TBBUITextField_FormatUITests.m in Sources */,
			);
			runOnlyForDeploymentPostprocessing = 0;
		};
/* End PBXSourcesBuildPhase section */

/* Begin PBXTargetDependency section */
		37F248651D38B7330067373A /* PBXTargetDependency */ = {
			isa = PBXTargetDependency;
			target = 37F248491D38B7330067373A /* TBBUITextField Format */;
			targetProxy = 37F248641D38B7330067373A /* PBXContainerItemProxy */;
		};
		37F248701D38B7330067373A /* PBXTargetDependency */ = {
			isa = PBXTargetDependency;
			target = 37F248491D38B7330067373A /* TBBUITextField Format */;
			targetProxy = 37F2486F1D38B7330067373A /* PBXContainerItemProxy */;
		};
/* End PBXTargetDependency section */

/* Begin PBXVariantGroup section */
		37F248561D38B7330067373A /* Main.storyboard */ = {
			isa = PBXVariantGroup;
			children = (
				37F248571D38B7330067373A /* Base */,
			);
			name = Main.storyboard;
			sourceTree = "<group>";
		};
		37F2485B1D38B7330067373A /* LaunchScreen.storyboard */ = {
			isa = PBXVariantGroup;
			children = (
				37F2485C1D38B7330067373A /* Base */,
			);
			name = LaunchScreen.storyboard;
			sourceTree = "<group>";
		};
/* End PBXVariantGroup section */

/* Begin XCBuildConfiguration section */
		37F248751D38B7330067373A /* Debug */ = {
			isa = XCBuildConfiguration;
			buildSettings = {
				ALWAYS_SEARCH_USER_PATHS = NO;
				CLANG_ANALYZER_NONNULL = YES;
				CLANG_CXX_LANGUAGE_STANDARD = "gnu++0x";
				CLANG_CXX_LIBRARY = "libc++";
				CLANG_ENABLE_MODULES = YES;
				CLANG_ENABLE_OBJC_ARC = YES;
				CLANG_WARN_BOOL_CONVERSION = YES;
				CLANG_WARN_CONSTANT_CONVERSION = YES;
				CLANG_WARN_DIRECT_OBJC_ISA_USAGE = YES_ERROR;
				CLANG_WARN_EMPTY_BODY = YES;
				CLANG_WARN_ENUM_CONVERSION = YES;
				CLANG_WARN_INT_CONVERSION = YES;
				CLANG_WARN_OBJC_ROOT_CLASS = YES_ERROR;
				CLANG_WARN_UNREACHABLE_CODE = YES;
				CLANG_WARN__DUPLICATE_METHOD_MATCH = YES;
				"CODE_SIGN_IDENTITY[sdk=iphoneos*]" = "iPhone Developer";
				COPY_PHASE_STRIP = NO;
				DEBUG_INFORMATION_FORMAT = dwarf;
				ENABLE_STRICT_OBJC_MSGSEND = YES;
				ENABLE_TESTABILITY = YES;
				GCC_C_LANGUAGE_STANDARD = gnu99;
				GCC_DYNAMIC_NO_PIC = NO;
				GCC_NO_COMMON_BLOCKS = YES;
				GCC_OPTIMIZATION_LEVEL = 0;
				GCC_PREPROCESSOR_DEFINITIONS = (
					"DEBUG=1",
					"$(inherited)",
				);
				GCC_WARN_64_TO_32_BIT_CONVERSION = YES;
				GCC_WARN_ABOUT_RETURN_TYPE = YES_ERROR;
				GCC_WARN_UNDECLARED_SELECTOR = YES;
				GCC_WARN_UNINITIALIZED_AUTOS = YES_AGGRESSIVE;
				GCC_WARN_UNUSED_FUNCTION = YES;
				GCC_WARN_UNUSED_VARIABLE = YES;
				IPHONEOS_DEPLOYMENT_TARGET = 9.3;
				MTL_ENABLE_DEBUG_INFO = YES;
				ONLY_ACTIVE_ARCH = YES;
				SDKROOT = iphoneos;
				TARGETED_DEVICE_FAMILY = "1,2";
			};
			name = Debug;
		};
		37F248761D38B7330067373A /* Release */ = {
			isa = XCBuildConfiguration;
			buildSettings = {
				ALWAYS_SEARCH_USER_PATHS = NO;
				CLANG_ANALYZER_NONNULL = YES;
				CLANG_CXX_LANGUAGE_STANDARD = "gnu++0x";
				CLANG_CXX_LIBRARY = "libc++";
				CLANG_ENABLE_MODULES = YES;
				CLANG_ENABLE_OBJC_ARC = YES;
				CLANG_WARN_BOOL_CONVERSION = YES;
				CLANG_WARN_CONSTANT_CONVERSION = YES;
				CLANG_WARN_DIRECT_OBJC_ISA_USAGE = YES_ERROR;
				CLANG_WARN_EMPTY_BODY = YES;
				CLANG_WARN_ENUM_CONVERSION = YES;
				CLANG_WARN_INT_CONVERSION = YES;
				CLANG_WARN_OBJC_ROOT_CLASS = YES_ERROR;
				CLANG_WARN_UNREACHABLE_CODE = YES;
				CLANG_WARN__DUPLICATE_METHOD_MATCH = YES;
				"CODE_SIGN_IDENTITY[sdk=iphoneos*]" = "iPhone Developer";
				COPY_PHASE_STRIP = NO;
				DEBUG_INFORMATION_FORMAT = "dwarf-with-dsym";
				ENABLE_NS_ASSERTIONS = NO;
				ENABLE_STRICT_OBJC_MSGSEND = YES;
				GCC_C_LANGUAGE_STANDARD = gnu99;
				GCC_NO_COMMON_BLOCKS = YES;
				GCC_WARN_64_TO_32_BIT_CONVERSION = YES;
				GCC_WARN_ABOUT_RETURN_TYPE = YES_ERROR;
				GCC_WARN_UNDECLARED_SELECTOR = YES;
				GCC_WARN_UNINITIALIZED_AUTOS = YES_AGGRESSIVE;
				GCC_WARN_UNUSED_FUNCTION = YES;
				GCC_WARN_UNUSED_VARIABLE = YES;
				IPHONEOS_DEPLOYMENT_TARGET = 9.3;
				MTL_ENABLE_DEBUG_INFO = NO;
				SDKROOT = iphoneos;
				TARGETED_DEVICE_FAMILY = "1,2";
				VALIDATE_PRODUCT = YES;
			};
			name = Release;
		};
		37F248781D38B7330067373A /* Debug */ = {
			isa = XCBuildConfiguration;
			buildSettings = {
				ASSETCATALOG_COMPILER_APPICON_NAME = AppIcon;
				INFOPLIST_FILE = "TBBUITextField Format/Info.plist";
				IPHONEOS_DEPLOYMENT_TARGET = 9.3;
				LD_RUNPATH_SEARCH_PATHS = "$(inherited) @executable_path/Frameworks";
				PRODUCT_BUNDLE_IDENTIFIER = "com.otctop.hl.TBBUITextField-Format";
				PRODUCT_NAME = "$(TARGET_NAME)";
			};
			name = Debug;
		};
		37F248791D38B7330067373A /* Release */ = {
			isa = XCBuildConfiguration;
			buildSettings = {
				ASSETCATALOG_COMPILER_APPICON_NAME = AppIcon;
				INFOPLIST_FILE = "TBBUITextField Format/Info.plist";
				IPHONEOS_DEPLOYMENT_TARGET = 9.3;
				LD_RUNPATH_SEARCH_PATHS = "$(inherited) @executable_path/Frameworks";
				PRODUCT_BUNDLE_IDENTIFIER = "com.otctop.hl.TBBUITextField-Format";
				PRODUCT_NAME = "$(TARGET_NAME)";
			};
			name = Release;
		};
		37F2487B1D38B7330067373A /* Debug */ = {
			isa = XCBuildConfiguration;
			buildSettings = {
				BUNDLE_LOADER = "$(TEST_HOST)";
				INFOPLIST_FILE = "TBBUITextField FormatTests/Info.plist";
				LD_RUNPATH_SEARCH_PATHS = "$(inherited) @executable_path/Frameworks @loader_path/Frameworks";
				PRODUCT_BUNDLE_IDENTIFIER = "com.otctop.hl.TBBUITextField-FormatTests";
				PRODUCT_NAME = "$(TARGET_NAME)";
				TEST_HOST = "$(BUILT_PRODUCTS_DIR)/TBBUITextField Format.app/TBBUITextField Format";
			};
			name = Debug;
		};
		37F2487C1D38B7330067373A /* Release */ = {
			isa = XCBuildConfiguration;
			buildSettings = {
				BUNDLE_LOADER = "$(TEST_HOST)";
				INFOPLIST_FILE = "TBBUITextField FormatTests/Info.plist";
				LD_RUNPATH_SEARCH_PATHS = "$(inherited) @executable_path/Frameworks @loader_path/Frameworks";
				PRODUCT_BUNDLE_IDENTIFIER = "com.otctop.hl.TBBUITextField-FormatTests";
				PRODUCT_NAME = "$(TARGET_NAME)";
				TEST_HOST = "$(BUILT_PRODUCTS_DIR)/TBBUITextField Format.app/TBBUITextField Format";
			};
			name = Release;
		};
		37F2487E1D38B7330067373A /* Debug */ = {
			isa = XCBuildConfiguration;
			buildSettings = {
				INFOPLIST_FILE = "TBBUITextField FormatUITests/Info.plist";
				LD_RUNPATH_SEARCH_PATHS = "$(inherited) @executable_path/Frameworks @loader_path/Frameworks";
				PRODUCT_BUNDLE_IDENTIFIER = "com.otctop.hl.TBBUITextField-FormatUITests";
				PRODUCT_NAME = "$(TARGET_NAME)";
				TEST_TARGET_NAME = "TBBUITextField Format";
			};
			name = Debug;
		};
		37F2487F1D38B7330067373A /* Release */ = {
			isa = XCBuildConfiguration;
			buildSettings = {
				INFOPLIST_FILE = "TBBUITextField FormatUITests/Info.plist";
				LD_RUNPATH_SEARCH_PATHS = "$(inherited) @executable_path/Frameworks @loader_path/Frameworks";
				PRODUCT_BUNDLE_IDENTIFIER = "com.otctop.hl.TBBUITextField-FormatUITests";
				PRODUCT_NAME = "$(TARGET_NAME)";
				TEST_TARGET_NAME = "TBBUITextField Format";
			};
			name = Release;
		};
/* End XCBuildConfiguration section */

/* Begin XCConfigurationList section */
		37F248451D38B7330067373A /* Build configuration list for PBXProject "TBBUITextField Format" */ = {
			isa = XCConfigurationList;
			buildConfigurations = (
				37F248751D38B7330067373A /* Debug */,
				37F248761D38B7330067373A /* Release */,
			);
			defaultConfigurationIsVisible = 0;
			defaultConfigurationName = Release;
		};
		37F248771D38B7330067373A /* Build configuration list for PBXNativeTarget "TBBUITextField Format" */ = {
			isa = XCConfigurationList;
			buildConfigurations = (
				37F248781D38B7330067373A /* Debug */,
				37F248791D38B7330067373A /* Release */,
			);
			defaultConfigurationIsVisible = 0;
			defaultConfigurationName = Release;
		};
		37F2487A1D38B7330067373A /* Build configuration list for PBXNativeTarget "TBBUITextField FormatTests" */ = {
			isa = XCConfigurationList;
			buildConfigurations = (
				37F2487B1D38B7330067373A /* Debug */,
				37F2487C1D38B7330067373A /* Release */,
			);
			defaultConfigurationIsVisible = 0;
			defaultConfigurationName = Release;
		};
		37F2487D1D38B7330067373A /* Build configuration list for PBXNativeTarget "TBBUITextField FormatUITests" */ = {
			isa = XCConfigurationList;
			buildConfigurations = (
				37F2487E1D38B7330067373A /* Debug */,
				37F2487F1D38B7330067373A /* Release */,
			);
			defaultConfigurationIsVisible = 0;
			defaultConfigurationName = Release;
		};
/* End XCConfigurationList section */
	};
	rootObject = 37F248421D38B7330067373A /* Project object */;
}
